
Microsoft Visual Studio Solution File, Format Version 12.00
# Visual Studio Version 16
VisualStudioVersion = 16.0.30907.101
MinimumVisualStudioVersion = 10.0.40219.1
Project("{9A19103F-16F7-4668-BE54-9A1E7A4F7556}") = "Project_NLP_Salgado", "Project_NLP_Salgado\Project_NLP_Salgado.csproj", "{A8137883-610E-41A9-854D-52F6EACD08A0}"
EndProject
Global
	GlobalSection(SolutionConfigurationPlatforms) = preSolution
		Debug|Any CPU = Debug|Any CPU
		Release|Any CPU = Release|Any CPU
	EndGlobalSection
	GlobalSection(ProjectConfigurationPlatforms) = postSolution
		{A8137883-610E-41A9-854D-52F6EACD08A0}.Debug|Any CPU.ActiveCfg = Debug|Any CPU
		{A8137883-610E-41A9-854D-52F6EACD08A0}.Debug|Any CPU.Build.0 = Debug|Any CPU
		{A8137883-610E-41A9-854D-52F6EACD08A0}.Release|Any CPU.ActiveCfg = Release|Any CPU
		{A8137883-610E-41A9-854D-52F6EACD08A0}.Release|Any CPU.Build.0 = Release|Any CPU
	EndGlobalSection
	GlobalSection(SolutionProperties) = preSolution
		HideSolutionNode = FALSE
	EndGlobalSection
	GlobalSection(ExtensibilityGlobals) = postSolution
		SolutionGuid = {ED2CA17F-89BA-419D-86BD-EE2BB3594C39}
	EndGlobalSection
EndGlobal
